
Microsoft Visual Studio Solution File, Format Version 12.00
# Visual Studio 15
VisualStudioVersion = 15.0.26730.10
MinimumVisualStudioVersion = 10.0.40219.1
Project("{FAE04EC0-301F-11D3-BF4B-00C04F79EFBC}") = "Artebello", "Artebello\Artebello.csproj", "{01FB8628-5AD8-4988-B839-B23645099623}"
EndProject
Project("{FAE04EC0-301F-11D3-BF4B-00C04F79EFBC}") = "Resources", "Resources\Resources.csproj", "{D2F861BA-C556-4456-971D-12CF8686B1A8}"
EndProject
Global
	GlobalSection(SolutionConfigurationPlatforms) = preSolution
		Debug|Any CPU = Debug|Any CPU
		Release|Any CPU = Release|Any CPU
	EndGlobalSection
	GlobalSection(ProjectConfigurationPlatforms) = postSolution
		{01FB8628-5AD8-4988-B839-B23645099623}.Debug|Any CPU.ActiveCfg = Debug|Any CPU
		{01FB8628-5AD8-4988-B839-B23645099623}.Debug|Any CPU.Build.0 = Debug|Any CPU
		{01FB8628-5AD8-4988-B839-B23645099623}.Release|Any CPU.ActiveCfg = Release|Any CPU
		{01FB8628-5AD8-4988-B839-B23645099623}.Release|Any CPU.Build.0 = Release|Any CPU
		{D2F861BA-C556-4456-971D-12CF8686B1A8}.Debug|Any CPU.ActiveCfg = Debug|Any CPU
		{D2F861BA-C556-4456-971D-12CF8686B1A8}.Debug|Any CPU.Build.0 = Debug|Any CPU
		{D2F861BA-C556-4456-971D-12CF8686B1A8}.Release|Any CPU.ActiveCfg = Release|Any CPU
		{D2F861BA-C556-4456-971D-12CF8686B1A8}.Release|Any CPU.Build.0 = Release|Any CPU
	EndGlobalSection
	GlobalSection(SolutionProperties) = preSolution
		HideSolutionNode = FALSE
	EndGlobalSection
	GlobalSection(ExtensibilityGlobals) = postSolution
		SolutionGuid = {4F100D1E-5AA4-4F1D-A78C-162B5C02DDAA}
	EndGlobalSection
EndGlobal
